// !$*UTF8*$!
{
	archiveVersion = 1;
	classes = {
	};
	objectVersion = 46;
	objects = {

/* Begin PBXBuildFile section */
		09DD8EFA1DA946E10019CA6B /* main.m in Sources */ = {isa = PBXBuildFile; fileRef = 09DD8EF91DA946E10019CA6B /* main.m */; };
		09DD8EFD1DA946E10019CA6B /* AppDelegate.m in Sources */ = {isa = PBXBuildFile; fileRef = 09DD8EFC1DA946E10019CA6B /* AppDelegate.m */; };
		09DD8F001DA946E10019CA6B /* ViewController.m in Sources */ = {isa = PBXBuildFile; fileRef = 09DD8EFF1DA946E10019CA6B /* ViewController.m */; };
		09DD8F031DA946E10019CA6B /* Main.storyboard in Resources */ = {isa = PBXBuildFile; fileRef = 09DD8F011DA946E10019CA6B /* Main.storyboard */; };
		09DD8F051DA946E10019CA6B /* Assets.xcassets in Resources */ = {isa = PBXBuildFile; fileRef = 09DD8F041DA946E10019CA6B /* Assets.xcassets */; };
		09DD8F081DA946E10019CA6B /* LaunchScreen.storyboard in Resources */ = {isa = PBXBuildFile; fileRef = 09DD8F061DA946E10019CA6B /* LaunchScreen.storyboard */; };
		09DD8F121DA955830019CA6B /* MyViewController.m in Sources */ = {isa = PBXBuildFile; fileRef = 09DD8F101DA955830019CA6B /* MyViewController.m */; };
		09DD8F131DA955830019CA6B /* MyViewController.xib in Resources */ = {isa = PBXBuildFile; fileRef = 09DD8F111DA955830019CA6B /* MyViewController.xib */; };
/* End PBXBuildFile section */

/* Begin PBXFileReference section */
		09DD8EF51DA946E10019CA6B /* 2.CteateController.app */ = {isa = PBXFileReference; explicitFileType = wrapper.application; includeInIndex = 0; path = 2.CteateController.app; sourceTree = BUILT_PRODUCTS_DIR; };
		09DD8EF91DA946E10019CA6B /* main.m */ = {isa = PBXFileReference; lastKnownFileType = sourcecode.c.objc; path = main.m; sourceTree = "<group>"; };
		09DD8EFB1DA946E10019CA6B /* AppDelegate.h */ = {isa = PBXFileReference; lastKnownFileType = sourcecode.c.h; path = AppDelegate.h; sourceTree = "<group>"; };
		09DD8EFC1DA946E10019CA6B /* AppDelegate.m */ = {isa = PBXFileReference; lastKnownFileType = sourcecode.c.objc; path = AppDelegate.m; sourceTree = "<group>"; };
		09DD8EFE1DA946E10019CA6B /* ViewController.h */ = {isa = PBXFileReference; lastKnownFileType = sourcecode.c.h; path = ViewController.h; sourceTree = "<group>"; };
		09DD8EFF1DA946E10019CA6B /* ViewController.m */ = {isa = PBXFileReference; lastKnownFileType = sourcecode.c.objc; path = ViewController.m; sourceTree = "<group>"; };
		09DD8F021DA946E10019CA6B /* Base */ = {isa = PBXFileReference; lastKnownFileType = file.storyboard; name = Base; path = Base.lproj/Main.storyboard; sourceTree = "<group>"; };
		09DD8F041DA946E10019CA6B /* Assets.xcassets */ = {isa = PBXFileReference; lastKnownFileType = folder.assetcatalog; path = Assets.xcassets; sourceTree = "<group>"; };
		09DD8F071DA946E10019CA6B /* Base */ = {isa = PBXFileReference; lastKnownFileType = file.storyboard; name = Base; path = Base.lproj/LaunchScreen.storyboard; sourceTree = "<group>"; };
		09DD8F091DA946E10019CA6B /* Info.plist */ = {isa = PBXFileReference; lastKnownFileType = text.plist.xml; path = Info.plist; sourceTree = "<group>"; };
		09DD8F0F1DA955830019CA6B /* MyViewController.h */ = {isa = PBXFileReference; fileEncoding = 4; lastKnownFileType = sourcecode.c.h; path = MyViewController.h; sourceTree = "<group>"; };
		09DD8F101DA955830019CA6B /* MyViewController.m */ = {isa = PBXFileReference; fileEncoding = 4; lastKnownFileType = sourcecode.c.objc; path = MyViewController.m; sourceTree = "<group>"; };
		09DD8F111DA955830019CA6B /* MyViewController.xib */ = {isa = PBXFileReference; fileEncoding = 4; lastKnownFileType = file.xib; path = MyViewController.xib; sourceTree = "<group>"; };
/* End PBXFileReference section */

/* Begin PBXFrameworksBuildPhase section */
		09DD8EF21DA946E10019CA6B /* Frameworks */ = {
			isa = PBXFrameworksBuildPhase;
			buildActionMask = 2147483647;
			files = (
			);
			runOnlyForDeploymentPostprocessing = 0;
		};
/* End PBXFrameworksBuildPhase section */

/* Begin PBXGroup section */
		09DD8EEC1DA946E10019CA6B = {
			isa = PBXGroup;
			children = (
				09DD8EF71DA946E10019CA6B /* 2.CteateController */,
				09DD8EF61DA946E10019CA6B /* Products */,
			);
			sourceTree = "<group>";
		};
		09DD8EF61DA946E10019CA6B /* Products */ = {
			isa = PBXGroup;
			children = (
				09DD8EF51DA946E10019CA6B /* 2.CteateController.app */,
			);
			name = Products;
			sourceTree = "<group>";
		};
		09DD8EF71DA946E10019CA6B /* 2.CteateController */ = {
			isa = PBXGroup;
			children = (
				09DD8EFB1DA946E10019CA6B /* AppDelegate.h */,
				09DD8EFC1DA946E10019CA6B /* AppDelegate.m */,
				09DD8EFE1DA946E10019CA6B /* ViewController.h */,
				09DD8EFF1DA946E10019CA6B /* ViewController.m */,
				09DD8F011DA946E10019CA6B /* Main.storyboard */,
				09DD8F041DA946E10019CA6B /* Assets.xcassets */,
				09DD8F061DA946E10019CA6B /* LaunchScreen.storyboard */,
				09DD8F091DA946E10019CA6B /* Info.plist */,
				09DD8EF81DA946E10019CA6B /* Supporting Files */,
				09DD8F0F1DA955830019CA6B /* MyViewController.h */,
				09DD8F101DA955830019CA6B /* MyViewController.m */,
				09DD8F111DA955830019CA6B /* MyViewController.xib */,
			);
			path = 2.CteateController;
			sourceTree = "<group>";
		};
		09DD8EF81DA946E10019CA6B /* Supporting Files */ = {
			isa = PBXGroup;
			children = (
				09DD8EF91DA946E10019CA6B /* main.m */,
			);
			name = "Supporting Files";
			sourceTree = "<group>";
		};
/* End PBXGroup section */

/* Begin PBXNativeTarget section */
		09DD8EF41DA946E10019CA6B /* 2.CteateController */ = {
			isa = PBXNativeTarget;
			buildConfigurationList = 09DD8F0C1DA946E10019CA6B /* Build configuration list for PBXNativeTarget "2.CteateController" */;
			buildPhases = (
				09DD8EF11DA946E10019CA6B /* Sources */,
				09DD8EF21DA946E10019CA6B /* Frameworks */,
				09DD8EF31DA946E10019CA6B /* Resources */,
			);
			buildRules = (
			);
			dependencies = (
			);
			name = 2.CteateController;
			productName = 2.CteateController;
			productReference = 09DD8EF51DA946E10019CA6B /* 2.CteateController.app */;
			productType = "com.apple.product-type.application";
		};
/* End PBXNativeTarget section */

/* Begin PBXProject section */
		09DD8EED1DA946E10019CA6B /* Project object */ = {
			isa = PBXProject;
			attributes = {
				LastUpgradeCheck = 0800;
				ORGANIZATIONNAME = yushanglung;
				TargetAttributes = {
					09DD8EF41DA946E10019CA6B = {
						CreatedOnToolsVersion = 8.0;
						ProvisioningStyle = Automatic;
					};
				};
			};
			buildConfigurationList = 09DD8EF01DA946E10019CA6B /* Build configuration list for PBXProject "2.CteateController" */;
			compatibilityVersion = "Xcode 3.2";
			developmentRegion = English;
			hasScannedForEncodings = 0;
			knownRegions = (
				en,
				Base,
			);
			mainGroup = 09DD8EEC1DA946E10019CA6B;
			productRefGroup = 09DD8EF61DA946E10019CA6B /* Products */;
			projectDirPath = "";
			projectRoot = "";
			targets = (
				09DD8EF41DA946E10019CA6B /* 2.CteateController */,
			);
		};
/* End PBXProject section */

/* Begin PBXResourcesBuildPhase section */
		09DD8EF31DA946E10019CA6B /* Resources */ = {
			isa = PBXResourcesBuildPhase;
			buildActionMask = 2147483647;
			files = (
				09DD8F081DA946E10019CA6B /* LaunchScreen.storyboard in Resources */,
				09DD8F051DA946E10019CA6B /* Assets.xcassets in Resources */,
				09DD8F131DA955830019CA6B /* MyViewController.xib in Resources */,
				09DD8F031DA946E10019CA6B /* Main.storyboard in Resources */,
			);
			runOnlyForDeploymentPostprocessing = 0;
		};
/* End PBXResourcesBuildPhase section */

/* Begin PBXSourcesBuildPhase section */
		09DD8EF11DA946E10019CA6B /* Sources */ = {
			isa = PBXSourcesBuildPhase;
			buildActionMask = 2147483647;
			files = (
				09DD8F001DA946E10019CA6B /* ViewController.m in Sources */,
				09DD8EFD1DA946E10019CA6B /* AppDelegate.m in Sources */,
				09DD8F121DA955830019CA6B /* MyViewController.m in Sources */,
				09DD8EFA1DA946E10019CA6B /* main.m in Sources */,
			);
			runOnlyForDeploymentPostprocessing = 0;
		};
/* End PBXSourcesBuildPhase section */

/* Begin PBXVariantGroup section */
		09DD8F011DA946E10019CA6B /* Main.storyboard */ = {
			isa = PBXVariantGroup;
			children = (
				09DD8F021DA946E10019CA6B /* Base */,
			);
			name = Main.storyboard;
			sourceTree = "<group>";
		};
		09DD8F061DA946E10019CA6B /* LaunchScreen.storyboard */ = {
			isa = PBXVariantGroup;
			children = (
				09DD8F071DA946E10019CA6B /* Base */,
			);
			name = LaunchScreen.storyboard;
			sourceTree = "<group>";
		};
/* End PBXVariantGroup section */

/* Begin XCBuildConfiguration section */
		09DD8F0A1DA946E10019CA6B /* Debug */ = {
			isa = XCBuildConfiguration;
			buildSettings = {
				ALWAYS_SEARCH_USER_PATHS = NO;
				CLANG_ANALYZER_NONNULL = YES;
				CLANG_CXX_LANGUAGE_STANDARD = "gnu++0x";
				CLANG_CXX_LIBRARY = "libc++";
				CLANG_ENABLE_MODULES = YES;
				CLANG_ENABLE_OBJC_ARC = YES;
				CLANG_WARN_BOOL_CONVERSION = YES;
				CLANG_WARN_CONSTANT_CONVERSION = YES;
				CLANG_WARN_DIRECT_OBJC_ISA_USAGE = YES_ERROR;
				CLANG_WARN_DOCUMENTATION_COMMENTS = YES;
				CLANG_WARN_EMPTY_BODY = YES;
				CLANG_WARN_ENUM_CONVERSION = YES;
				CLANG_WARN_INFINITE_RECURSION = YES;
				CLANG_WARN_INT_CONVERSION = YES;
				CLANG_WARN_OBJC_ROOT_CLASS = YES_ERROR;
				CLANG_WARN_SUSPICIOUS_MOVES = YES;
				CLANG_WARN_UNREACHABLE_CODE = YES;
				CLANG_WARN__DUPLICATE_METHOD_MATCH = YES;
				"CODE_SIGN_IDENTITY[sdk=iphoneos*]" = "iPhone Developer";
				COPY_PHASE_STRIP = NO;
				DEBUG_INFORMATION_FORMAT = dwarf;
				ENABLE_STRICT_OBJC_MSGSEND = YES;
				ENABLE_TESTABILITY = YES;
				GCC_C_LANGUAGE_STANDARD = gnu99;
				GCC_DYNAMIC_NO_PIC = NO;
				GCC_NO_COMMON_BLOCKS = YES;
				GCC_OPTIMIZATION_LEVEL = 0;
				GCC_PREPROCESSOR_DEFINITIONS = (
					"DEBUG=1",
					"$(inherited)",
				);
				GCC_WARN_64_TO_32_BIT_CONVERSION = YES;
				GCC_WARN_ABOUT_RETURN_TYPE = YES_ERROR;
				GCC_WARN_UNDECLARED_SELECTOR = YES;
				GCC_WARN_UNINITIALIZED_AUTOS = YES_AGGRESSIVE;
				GCC_WARN_UNUSED_FUNCTION = YES;
				GCC_WARN_UNUSED_VARIABLE = YES;
				IPHONEOS_DEPLOYMENT_TARGET = 10.0;
				MTL_ENABLE_DEBUG_INFO = YES;
				ONLY_ACTIVE_ARCH = YES;
				SDKROOT = iphoneos;
				TARGETED_DEVICE_FAMILY = "1,2";
			};
			name = Debug;
		};
		09DD8F0B1DA946E10019CA6B /* Release */ = {
			isa = XCBuildConfiguration;
			buildSettings = {
				ALWAYS_SEARCH_USER_PATHS = NO;
				CLANG_ANALYZER_NONNULL = YES;
				CLANG_CXX_LANGUAGE_STANDARD = "gnu++0x";
				CLANG_CXX_LIBRARY = "libc++";
				CLANG_ENABLE_MODULES = YES;
				CLANG_ENABLE_OBJC_ARC = YES;
				CLANG_WARN_BOOL_CONVERSION = YES;
				CLANG_WARN_CONSTANT_CONVERSION = YES;
				CLANG_WARN_DIRECT_OBJC_ISA_USAGE = YES_ERROR;
				CLANG_WARN_DOCUMENTATION_COMMENTS = YES;
				CLANG_WARN_EMPTY_BODY = YES;
				CLANG_WARN_ENUM_CONVERSION = YES;
				CLANG_WARN_INFINITE_RECURSION = YES;
				CLANG_WARN_INT_CONVERSION = YES;
				CLANG_WARN_OBJC_ROOT_CLASS = YES_ERROR;
				CLANG_WARN_SUSPICIOUS_MOVES = YES;
				CLANG_WARN_UNREACHABLE_CODE = YES;
				CLANG_WARN__DUPLICATE_METHOD_MATCH = YES;
				"CODE_SIGN_IDENTITY[sdk=iphoneos*]" = "iPhone Developer";
				COPY_PHASE_STRIP = NO;
				DEBUG_INFORMATION_FORMAT = "dwarf-with-dsym";
				ENABLE_NS_ASSERTIONS = NO;
				ENABLE_STRICT_OBJC_MSGSEND = YES;
				GCC_C_LANGUAGE_STANDARD = gnu99;
				GCC_NO_COMMON_BLOCKS = YES;
				GCC_WARN_64_TO_32_BIT_CONVERSION = YES;
				GCC_WARN_ABOUT_RETURN_TYPE = YES_ERROR;
				GCC_WARN_UNDECLARED_SELECTOR = YES;
				GCC_WARN_UNINITIALIZED_AUTOS = YES_AGGRESSIVE;
				GCC_WARN_UNUSED_FUNCTION = YES;
				GCC_WARN_UNUSED_VARIABLE = YES;
				IPHONEOS_DEPLOYMENT_TARGET = 10.0;
				MTL_ENABLE_DEBUG_INFO = NO;
				SDKROOT = iphoneos;
				TARGETED_DEVICE_FAMILY = "1,2";
				VALIDATE_PRODUCT = YES;
			};
			name = Release;
		};
		09DD8F0D1DA946E10019CA6B /* Debug */ = {
			isa = XCBuildConfiguration;
			buildSettings = {
				ASSETCATALOG_COMPILER_APPICON_NAME = AppIcon;
				INFOPLIST_FILE = 2.CteateController/Info.plist;
				LD_RUNPATH_SEARCH_PATHS = "$(inherited) @executable_path/Frameworks";
				PRODUCT_BUNDLE_IDENTIFIER = "com.learn.--CteateController";
				PRODUCT_NAME = "$(TARGET_NAME)";
			};
			name = Debug;
		};
		09DD8F0E1DA946E10019CA6B /* Release */ = {
			isa = XCBuildConfiguration;
			buildSettings = {
				ASSETCATALOG_COMPILER_APPICON_NAME = AppIcon;
				INFOPLIST_FILE = 2.CteateController/Info.plist;
				LD_RUNPATH_SEARCH_PATHS = "$(inherited) @executable_path/Frameworks";
				PRODUCT_BUNDLE_IDENTIFIER = "com.learn.--CteateController";
				PRODUCT_NAME = "$(TARGET_NAME)";
			};
			name = Release;
		};
/* End XCBuildConfiguration section */

/* Begin XCConfigurationList section */
		09DD8EF01DA946E10019CA6B /* Build configuration list for PBXProject "2.CteateController" */ = {
			isa = XCConfigurationList;
			buildConfigurations = (
				09DD8F0A1DA946E10019CA6B /* Debug */,
				09DD8F0B1DA946E10019CA6B /* Release */,
			);
			defaultConfigurationIsVisible = 0;
			defaultConfigurationName = Release;
		};
		09DD8F0C1DA946E10019CA6B /* Build configuration list for PBXNativeTarget "2.CteateController" */ = {
			isa = XCConfigurationList;
			buildConfigurations = (
				09DD8F0D1DA946E10019CA6B /* Debug */,
				09DD8F0E1DA946E10019CA6B /* Release */,
			);
			defaultConfigurationIsVisible = 0;
			defaultConfigurationName = Release;
		};
/* End XCConfigurationList section */
	};
	rootObject = 09DD8EED1DA946E10019CA6B /* Project object */;
}
