// !$*UTF8*$!
{
	archiveVersion = 1;
	classes = {
	};
	objectVersion = 46;
	objects = {

/* Begin PBXBuildFile section */
		94E8D7501DF12E230063A7E6 /* main.m in Sources */ = {isa = PBXBuildFile; fileRef = 94E8D74F1DF12E230063A7E6 /* main.m */; };
		94E8D7531DF12E230063A7E6 /* AppDelegate.m in Sources */ = {isa = PBXBuildFile; fileRef = 94E8D7521DF12E230063A7E6 /* AppDelegate.m */; };
		94E8D7561DF12E230063A7E6 /* ViewController.m in Sources */ = {isa = PBXBuildFile; fileRef = 94E8D7551DF12E230063A7E6 /* ViewController.m */; };
		94E8D7591DF12E230063A7E6 /* Main.storyboard in Resources */ = {isa = PBXBuildFile; fileRef = 94E8D7571DF12E230063A7E6 /* Main.storyboard */; };
		94E8D75B1DF12E230063A7E6 /* Assets.xcassets in Resources */ = {isa = PBXBuildFile; fileRef = 94E8D75A1DF12E230063A7E6 /* Assets.xcassets */; };
		94E8D75E1DF12E230063A7E6 /* LaunchScreen.storyboard in Resources */ = {isa = PBXBuildFile; fileRef = 94E8D75C1DF12E230063A7E6 /* LaunchScreen.storyboard */; };
		94E8D7671DF12E5F0063A7E6 /* MatrixView.m in Sources */ = {isa = PBXBuildFile; fileRef = 94E8D7661DF12E5F0063A7E6 /* MatrixView.m */; };
/* End PBXBuildFile section */

/* Begin PBXFileReference section */
		94E8D74B1DF12E230063A7E6 /* 09.圖片上下文的矩陣操作.app */ = {isa = PBXFileReference; explicitFileType = wrapper.application; includeInIndex = 0; path = "09.圖片上下文的矩陣操作.app"; sourceTree = BUILT_PRODUCTS_DIR; };
		94E8D74F1DF12E230063A7E6 /* main.m */ = {isa = PBXFileReference; lastKnownFileType = sourcecode.c.objc; path = main.m; sourceTree = "<group>"; };
		94E8D7511DF12E230063A7E6 /* AppDelegate.h */ = {isa = PBXFileReference; lastKnownFileType = sourcecode.c.h; path = AppDelegate.h; sourceTree = "<group>"; };
		94E8D7521DF12E230063A7E6 /* AppDelegate.m */ = {isa = PBXFileReference; lastKnownFileType = sourcecode.c.objc; path = AppDelegate.m; sourceTree = "<group>"; };
		94E8D7541DF12E230063A7E6 /* ViewController.h */ = {isa = PBXFileReference; lastKnownFileType = sourcecode.c.h; path = ViewController.h; sourceTree = "<group>"; };
		94E8D7551DF12E230063A7E6 /* ViewController.m */ = {isa = PBXFileReference; lastKnownFileType = sourcecode.c.objc; path = ViewController.m; sourceTree = "<group>"; };
		94E8D7581DF12E230063A7E6 /* Base */ = {isa = PBXFileReference; lastKnownFileType = file.storyboard; name = Base; path = Base.lproj/Main.storyboard; sourceTree = "<group>"; };
		94E8D75A1DF12E230063A7E6 /* Assets.xcassets */ = {isa = PBXFileReference; lastKnownFileType = folder.assetcatalog; path = Assets.xcassets; sourceTree = "<group>"; };
		94E8D75D1DF12E230063A7E6 /* Base */ = {isa = PBXFileReference; lastKnownFileType = file.storyboard; name = Base; path = Base.lproj/LaunchScreen.storyboard; sourceTree = "<group>"; };
		94E8D75F1DF12E230063A7E6 /* Info.plist */ = {isa = PBXFileReference; lastKnownFileType = text.plist.xml; path = Info.plist; sourceTree = "<group>"; };
		94E8D7651DF12E5F0063A7E6 /* MatrixView.h */ = {isa = PBXFileReference; fileEncoding = 4; lastKnownFileType = sourcecode.c.h; name = MatrixView.h; path = ../MatrixView.h; sourceTree = "<group>"; };
		94E8D7661DF12E5F0063A7E6 /* MatrixView.m */ = {isa = PBXFileReference; fileEncoding = 4; lastKnownFileType = sourcecode.c.objc; name = MatrixView.m; path = ../MatrixView.m; sourceTree = "<group>"; };
/* End PBXFileReference section */

/* Begin PBXFrameworksBuildPhase section */
		94E8D7481DF12E230063A7E6 /* Frameworks */ = {
			isa = PBXFrameworksBuildPhase;
			buildActionMask = 2147483647;
			files = (
			);
			runOnlyForDeploymentPostprocessing = 0;
		};
/* End PBXFrameworksBuildPhase section */

/* Begin PBXGroup section */
		94E8D7421DF12E230063A7E6 = {
			isa = PBXGroup;
			children = (
				94E8D74D1DF12E230063A7E6 /* 09.圖片上下文的矩陣操作 */,
				94E8D74C1DF12E230063A7E6 /* Products */,
			);
			sourceTree = "<group>";
		};
		94E8D74C1DF12E230063A7E6 /* Products */ = {
			isa = PBXGroup;
			children = (
				94E8D74B1DF12E230063A7E6 /* 09.圖片上下文的矩陣操作.app */,
			);
			name = Products;
			sourceTree = "<group>";
		};
		94E8D74D1DF12E230063A7E6 /* 09.圖片上下文的矩陣操作 */ = {
			isa = PBXGroup;
			children = (
				94E8D7651DF12E5F0063A7E6 /* MatrixView.h */,
				94E8D7661DF12E5F0063A7E6 /* MatrixView.m */,
				94E8D7511DF12E230063A7E6 /* AppDelegate.h */,
				94E8D7521DF12E230063A7E6 /* AppDelegate.m */,
				94E8D7541DF12E230063A7E6 /* ViewController.h */,
				94E8D7551DF12E230063A7E6 /* ViewController.m */,
				94E8D7571DF12E230063A7E6 /* Main.storyboard */,
				94E8D75A1DF12E230063A7E6 /* Assets.xcassets */,
				94E8D75C1DF12E230063A7E6 /* LaunchScreen.storyboard */,
				94E8D75F1DF12E230063A7E6 /* Info.plist */,
				94E8D74E1DF12E230063A7E6 /* Supporting Files */,
			);
			path = "09.圖片上下文的矩陣操作";
			sourceTree = "<group>";
		};
		94E8D74E1DF12E230063A7E6 /* Supporting Files */ = {
			isa = PBXGroup;
			children = (
				94E8D74F1DF12E230063A7E6 /* main.m */,
			);
			name = "Supporting Files";
			sourceTree = "<group>";
		};
/* End PBXGroup section */

/* Begin PBXNativeTarget section */
		94E8D74A1DF12E230063A7E6 /* 09.圖片上下文的矩陣操作 */ = {
			isa = PBXNativeTarget;
			buildConfigurationList = 94E8D7621DF12E230063A7E6 /* Build configuration list for PBXNativeTarget "09.圖片上下文的矩陣操作" */;
			buildPhases = (
				94E8D7471DF12E230063A7E6 /* Sources */,
				94E8D7481DF12E230063A7E6 /* Frameworks */,
				94E8D7491DF12E230063A7E6 /* Resources */,
			);
			buildRules = (
			);
			dependencies = (
			);
			name = "09.圖片上下文的矩陣操作";
			productName = "09.圖片上下文的矩陣操作";
			productReference = 94E8D74B1DF12E230063A7E6 /* 09.圖片上下文的矩陣操作.app */;
			productType = "com.apple.product-type.application";
		};
/* End PBXNativeTarget section */

/* Begin PBXProject section */
		94E8D7431DF12E230063A7E6 /* Project object */ = {
			isa = PBXProject;
			attributes = {
				LastUpgradeCheck = 0810;
				ORGANIZATIONNAME = "ImL1s-MacPro";
				TargetAttributes = {
					94E8D74A1DF12E230063A7E6 = {
						CreatedOnToolsVersion = 8.1;
						DevelopmentTeam = ZAZT4JZ625;
						ProvisioningStyle = Automatic;
					};
				};
			};
			buildConfigurationList = 94E8D7461DF12E230063A7E6 /* Build configuration list for PBXProject "09.圖片上下文的矩陣操作" */;
			compatibilityVersion = "Xcode 3.2";
			developmentRegion = English;
			hasScannedForEncodings = 0;
			knownRegions = (
				en,
				Base,
			);
			mainGroup = 94E8D7421DF12E230063A7E6;
			productRefGroup = 94E8D74C1DF12E230063A7E6 /* Products */;
			projectDirPath = "";
			projectRoot = "";
			targets = (
				94E8D74A1DF12E230063A7E6 /* 09.圖片上下文的矩陣操作 */,
			);
		};
/* End PBXProject section */

/* Begin PBXResourcesBuildPhase section */
		94E8D7491DF12E230063A7E6 /* Resources */ = {
			isa = PBXResourcesBuildPhase;
			buildActionMask = 2147483647;
			files = (
				94E8D75E1DF12E230063A7E6 /* LaunchScreen.storyboard in Resources */,
				94E8D75B1DF12E230063A7E6 /* Assets.xcassets in Resources */,
				94E8D7591DF12E230063A7E6 /* Main.storyboard in Resources */,
			);
			runOnlyForDeploymentPostprocessing = 0;
		};
/* End PBXResourcesBuildPhase section */

/* Begin PBXSourcesBuildPhase section */
		94E8D7471DF12E230063A7E6 /* Sources */ = {
			isa = PBXSourcesBuildPhase;
			buildActionMask = 2147483647;
			files = (
				94E8D7561DF12E230063A7E6 /* ViewController.m in Sources */,
				94E8D7531DF12E230063A7E6 /* AppDelegate.m in Sources */,
				94E8D7501DF12E230063A7E6 /* main.m in Sources */,
				94E8D7671DF12E5F0063A7E6 /* MatrixView.m in Sources */,
			);
			runOnlyForDeploymentPostprocessing = 0;
		};
/* End PBXSourcesBuildPhase section */

/* Begin PBXVariantGroup section */
		94E8D7571DF12E230063A7E6 /* Main.storyboard */ = {
			isa = PBXVariantGroup;
			children = (
				94E8D7581DF12E230063A7E6 /* Base */,
			);
			name = Main.storyboard;
			sourceTree = "<group>";
		};
		94E8D75C1DF12E230063A7E6 /* LaunchScreen.storyboard */ = {
			isa = PBXVariantGroup;
			children = (
				94E8D75D1DF12E230063A7E6 /* Base */,
			);
			name = LaunchScreen.storyboard;
			sourceTree = "<group>";
		};
/* End PBXVariantGroup section */

/* Begin XCBuildConfiguration section */
		94E8D7601DF12E230063A7E6 /* Debug */ = {
			isa = XCBuildConfiguration;
			buildSettings = {
				ALWAYS_SEARCH_USER_PATHS = NO;
				CLANG_ANALYZER_NONNULL = YES;
				CLANG_CXX_LANGUAGE_STANDARD = "gnu++0x";
				CLANG_CXX_LIBRARY = "libc++";
				CLANG_ENABLE_MODULES = YES;
				CLANG_ENABLE_OBJC_ARC = YES;
				CLANG_WARN_BOOL_CONVERSION = YES;
				CLANG_WARN_CONSTANT_CONVERSION = YES;
				CLANG_WARN_DIRECT_OBJC_ISA_USAGE = YES_ERROR;
				CLANG_WARN_DOCUMENTATION_COMMENTS = YES;
				CLANG_WARN_EMPTY_BODY = YES;
				CLANG_WARN_ENUM_CONVERSION = YES;
				CLANG_WARN_INFINITE_RECURSION = YES;
				CLANG_WARN_INT_CONVERSION = YES;
				CLANG_WARN_OBJC_ROOT_CLASS = YES_ERROR;
				CLANG_WARN_SUSPICIOUS_MOVES = YES;
				CLANG_WARN_UNREACHABLE_CODE = YES;
				CLANG_WARN__DUPLICATE_METHOD_MATCH = YES;
				"CODE_SIGN_IDENTITY[sdk=iphoneos*]" = "iPhone Developer";
				COPY_PHASE_STRIP = NO;
				DEBUG_INFORMATION_FORMAT = dwarf;
				ENABLE_STRICT_OBJC_MSGSEND = YES;
				ENABLE_TESTABILITY = YES;
				GCC_C_LANGUAGE_STANDARD = gnu99;
				GCC_DYNAMIC_NO_PIC = NO;
				GCC_NO_COMMON_BLOCKS = YES;
				GCC_OPTIMIZATION_LEVEL = 0;
				GCC_PREPROCESSOR_DEFINITIONS = (
					"DEBUG=1",
					"$(inherited)",
				);
				GCC_WARN_64_TO_32_BIT_CONVERSION = YES;
				GCC_WARN_ABOUT_RETURN_TYPE = YES_ERROR;
				GCC_WARN_UNDECLARED_SELECTOR = YES;
				GCC_WARN_UNINITIALIZED_AUTOS = YES_AGGRESSIVE;
				GCC_WARN_UNUSED_FUNCTION = YES;
				GCC_WARN_UNUSED_VARIABLE = YES;
				IPHONEOS_DEPLOYMENT_TARGET = 10.1;
				MTL_ENABLE_DEBUG_INFO = YES;
				ONLY_ACTIVE_ARCH = YES;
				SDKROOT = iphoneos;
				TARGETED_DEVICE_FAMILY = "1,2";
			};
			name = Debug;
		};
		94E8D7611DF12E230063A7E6 /* Release */ = {
			isa = XCBuildConfiguration;
			buildSettings = {
				ALWAYS_SEARCH_USER_PATHS = NO;
				CLANG_ANALYZER_NONNULL = YES;
				CLANG_CXX_LANGUAGE_STANDARD = "gnu++0x";
				CLANG_CXX_LIBRARY = "libc++";
				CLANG_ENABLE_MODULES = YES;
				CLANG_ENABLE_OBJC_ARC = YES;
				CLANG_WARN_BOOL_CONVERSION = YES;
				CLANG_WARN_CONSTANT_CONVERSION = YES;
				CLANG_WARN_DIRECT_OBJC_ISA_USAGE = YES_ERROR;
				CLANG_WARN_DOCUMENTATION_COMMENTS = YES;
				CLANG_WARN_EMPTY_BODY = YES;
				CLANG_WARN_ENUM_CONVERSION = YES;
				CLANG_WARN_INFINITE_RECURSION = YES;
				CLANG_WARN_INT_CONVERSION = YES;
				CLANG_WARN_OBJC_ROOT_CLASS = YES_ERROR;
				CLANG_WARN_SUSPICIOUS_MOVES = YES;
				CLANG_WARN_UNREACHABLE_CODE = YES;
				CLANG_WARN__DUPLICATE_METHOD_MATCH = YES;
				"CODE_SIGN_IDENTITY[sdk=iphoneos*]" = "iPhone Developer";
				COPY_PHASE_STRIP = NO;
				DEBUG_INFORMATION_FORMAT = "dwarf-with-dsym";
				ENABLE_NS_ASSERTIONS = NO;
				ENABLE_STRICT_OBJC_MSGSEND = YES;
				GCC_C_LANGUAGE_STANDARD = gnu99;
				GCC_NO_COMMON_BLOCKS = YES;
				GCC_WARN_64_TO_32_BIT_CONVERSION = YES;
				GCC_WARN_ABOUT_RETURN_TYPE = YES_ERROR;
				GCC_WARN_UNDECLARED_SELECTOR = YES;
				GCC_WARN_UNINITIALIZED_AUTOS = YES_AGGRESSIVE;
				GCC_WARN_UNUSED_FUNCTION = YES;
				GCC_WARN_UNUSED_VARIABLE = YES;
				IPHONEOS_DEPLOYMENT_TARGET = 10.1;
				MTL_ENABLE_DEBUG_INFO = NO;
				SDKROOT = iphoneos;
				TARGETED_DEVICE_FAMILY = "1,2";
				VALIDATE_PRODUCT = YES;
			};
			name = Release;
		};
		94E8D7631DF12E230063A7E6 /* Debug */ = {
			isa = XCBuildConfiguration;
			buildSettings = {
				ASSETCATALOG_COMPILER_APPICON_NAME = AppIcon;
				DEVELOPMENT_TEAM = ZAZT4JZ625;
				INFOPLIST_FILE = "09.圖片上下文的矩陣操作/Info.plist";
				LD_RUNPATH_SEARCH_PATHS = "$(inherited) @executable_path/Frameworks";
				PRODUCT_BUNDLE_IDENTIFIER = "HomeWatch.-9-----------";
				PRODUCT_NAME = "$(TARGET_NAME)";
			};
			name = Debug;
		};
		94E8D7641DF12E230063A7E6 /* Release */ = {
			isa = XCBuildConfiguration;
			buildSettings = {
				ASSETCATALOG_COMPILER_APPICON_NAME = AppIcon;
				DEVELOPMENT_TEAM = ZAZT4JZ625;
				INFOPLIST_FILE = "09.圖片上下文的矩陣操作/Info.plist";
				LD_RUNPATH_SEARCH_PATHS = "$(inherited) @executable_path/Frameworks";
				PRODUCT_BUNDLE_IDENTIFIER = "HomeWatch.-9-----------";
				PRODUCT_NAME = "$(TARGET_NAME)";
			};
			name = Release;
		};
/* End XCBuildConfiguration section */

/* Begin XCConfigurationList section */
		94E8D7461DF12E230063A7E6 /* Build configuration list for PBXProject "09.圖片上下文的矩陣操作" */ = {
			isa = XCConfigurationList;
			buildConfigurations = (
				94E8D7601DF12E230063A7E6 /* Debug */,
				94E8D7611DF12E230063A7E6 /* Release */,
			);
			defaultConfigurationIsVisible = 0;
			defaultConfigurationName = Release;
		};
		94E8D7621DF12E230063A7E6 /* Build configuration list for PBXNativeTarget "09.圖片上下文的矩陣操作" */ = {
			isa = XCConfigurationList;
			buildConfigurations = (
				94E8D7631DF12E230063A7E6 /* Debug */,
				94E8D7641DF12E230063A7E6 /* Release */,
			);
			defaultConfigurationIsVisible = 0;
		};
/* End XCConfigurationList section */
	};
	rootObject = 94E8D7431DF12E230063A7E6 /* Project object */;
}
