// !$*UTF8*$!
{
	archiveVersion = 1;
	classes = {
	};
	objectVersion = 46;
	objects = {

/* Begin PBXBuildFile section */
		94DE79831DCB292F0046F475 /* main.m in Sources */ = {isa = PBXBuildFile; fileRef = 94DE79821DCB292F0046F475 /* main.m */; };
		94DE79861DCB292F0046F475 /* AppDelegate.m in Sources */ = {isa = PBXBuildFile; fileRef = 94DE79851DCB292F0046F475 /* AppDelegate.m */; };
		94DE798C1DCB292F0046F475 /* Main.storyboard in Resources */ = {isa = PBXBuildFile; fileRef = 94DE798A1DCB292F0046F475 /* Main.storyboard */; };
		94DE798E1DCB292F0046F475 /* Assets.xcassets in Resources */ = {isa = PBXBuildFile; fileRef = 94DE798D1DCB292F0046F475 /* Assets.xcassets */; };
		94DE79911DCB292F0046F475 /* LaunchScreen.storyboard in Resources */ = {isa = PBXBuildFile; fileRef = 94DE798F1DCB292F0046F475 /* LaunchScreen.storyboard */; };
		94DE799A1DCB2A930046F475 /* MyTableViewController.m in Sources */ = {isa = PBXBuildFile; fileRef = 94DE79991DCB2A930046F475 /* MyTableViewController.m */; };
		94DE799C1DCB2E830046F475 /* apps.plist in Resources */ = {isa = PBXBuildFile; fileRef = 94DE799B1DCB2E830046F475 /* apps.plist */; };
		94DE799F1DCB2F920046F475 /* AppBean.m in Sources */ = {isa = PBXBuildFile; fileRef = 94DE799E1DCB2F920046F475 /* AppBean.m */; };
/* End PBXBuildFile section */

/* Begin PBXFileReference section */
		94DE797E1DCB292F0046F475 /* 07.SyncDownloadImage.app */ = {isa = PBXFileReference; explicitFileType = wrapper.application; includeInIndex = 0; path = 07.SyncDownloadImage.app; sourceTree = BUILT_PRODUCTS_DIR; };
		94DE79821DCB292F0046F475 /* main.m */ = {isa = PBXFileReference; lastKnownFileType = sourcecode.c.objc; path = main.m; sourceTree = "<group>"; };
		94DE79841DCB292F0046F475 /* AppDelegate.h */ = {isa = PBXFileReference; lastKnownFileType = sourcecode.c.h; path = AppDelegate.h; sourceTree = "<group>"; };
		94DE79851DCB292F0046F475 /* AppDelegate.m */ = {isa = PBXFileReference; lastKnownFileType = sourcecode.c.objc; path = AppDelegate.m; sourceTree = "<group>"; };
		94DE798B1DCB292F0046F475 /* Base */ = {isa = PBXFileReference; lastKnownFileType = file.storyboard; name = Base; path = Base.lproj/Main.storyboard; sourceTree = "<group>"; };
		94DE798D1DCB292F0046F475 /* Assets.xcassets */ = {isa = PBXFileReference; lastKnownFileType = folder.assetcatalog; path = Assets.xcassets; sourceTree = "<group>"; };
		94DE79901DCB292F0046F475 /* Base */ = {isa = PBXFileReference; lastKnownFileType = file.storyboard; name = Base; path = Base.lproj/LaunchScreen.storyboard; sourceTree = "<group>"; };
		94DE79921DCB292F0046F475 /* Info.plist */ = {isa = PBXFileReference; lastKnownFileType = text.plist.xml; path = Info.plist; sourceTree = "<group>"; };
		94DE79981DCB2A930046F475 /* MyTableViewController.h */ = {isa = PBXFileReference; fileEncoding = 4; lastKnownFileType = sourcecode.c.h; path = MyTableViewController.h; sourceTree = "<group>"; };
		94DE79991DCB2A930046F475 /* MyTableViewController.m */ = {isa = PBXFileReference; fileEncoding = 4; lastKnownFileType = sourcecode.c.objc; path = MyTableViewController.m; sourceTree = "<group>"; };
		94DE799B1DCB2E830046F475 /* apps.plist */ = {isa = PBXFileReference; fileEncoding = 4; lastKnownFileType = text.plist.xml; path = apps.plist; sourceTree = "<group>"; };
		94DE799D1DCB2F920046F475 /* AppBean.h */ = {isa = PBXFileReference; fileEncoding = 4; lastKnownFileType = sourcecode.c.h; path = AppBean.h; sourceTree = "<group>"; };
		94DE799E1DCB2F920046F475 /* AppBean.m */ = {isa = PBXFileReference; fileEncoding = 4; lastKnownFileType = sourcecode.c.objc; path = AppBean.m; sourceTree = "<group>"; };
/* End PBXFileReference section */

/* Begin PBXFrameworksBuildPhase section */
		94DE797B1DCB292F0046F475 /* Frameworks */ = {
			isa = PBXFrameworksBuildPhase;
			buildActionMask = 2147483647;
			files = (
			);
			runOnlyForDeploymentPostprocessing = 0;
		};
/* End PBXFrameworksBuildPhase section */

/* Begin PBXGroup section */
		94DE79751DCB292F0046F475 = {
			isa = PBXGroup;
			children = (
				94DE79801DCB292F0046F475 /* 07.SyncDownloadImage */,
				94DE797F1DCB292F0046F475 /* Products */,
			);
			sourceTree = "<group>";
		};
		94DE797F1DCB292F0046F475 /* Products */ = {
			isa = PBXGroup;
			children = (
				94DE797E1DCB292F0046F475 /* 07.SyncDownloadImage.app */,
			);
			name = Products;
			sourceTree = "<group>";
		};
		94DE79801DCB292F0046F475 /* 07.SyncDownloadImage */ = {
			isa = PBXGroup;
			children = (
				94DE799B1DCB2E830046F475 /* apps.plist */,
				94DE79841DCB292F0046F475 /* AppDelegate.h */,
				94DE79851DCB292F0046F475 /* AppDelegate.m */,
				94DE798A1DCB292F0046F475 /* Main.storyboard */,
				94DE798D1DCB292F0046F475 /* Assets.xcassets */,
				94DE798F1DCB292F0046F475 /* LaunchScreen.storyboard */,
				94DE79921DCB292F0046F475 /* Info.plist */,
				94DE79811DCB292F0046F475 /* Supporting Files */,
				94DE79981DCB2A930046F475 /* MyTableViewController.h */,
				94DE79991DCB2A930046F475 /* MyTableViewController.m */,
				94DE799D1DCB2F920046F475 /* AppBean.h */,
				94DE799E1DCB2F920046F475 /* AppBean.m */,
			);
			path = 07.SyncDownloadImage;
			sourceTree = "<group>";
		};
		94DE79811DCB292F0046F475 /* Supporting Files */ = {
			isa = PBXGroup;
			children = (
				94DE79821DCB292F0046F475 /* main.m */,
			);
			name = "Supporting Files";
			sourceTree = "<group>";
		};
/* End PBXGroup section */

/* Begin PBXNativeTarget section */
		94DE797D1DCB292F0046F475 /* 07.SyncDownloadImage */ = {
			isa = PBXNativeTarget;
			buildConfigurationList = 94DE79951DCB292F0046F475 /* Build configuration list for PBXNativeTarget "07.SyncDownloadImage" */;
			buildPhases = (
				94DE797A1DCB292F0046F475 /* Sources */,
				94DE797B1DCB292F0046F475 /* Frameworks */,
				94DE797C1DCB292F0046F475 /* Resources */,
			);
			buildRules = (
			);
			dependencies = (
			);
			name = 07.SyncDownloadImage;
			productName = 07.SyncDownloadImage;
			productReference = 94DE797E1DCB292F0046F475 /* 07.SyncDownloadImage.app */;
			productType = "com.apple.product-type.application";
		};
/* End PBXNativeTarget section */

/* Begin PBXProject section */
		94DE79761DCB292F0046F475 /* Project object */ = {
			isa = PBXProject;
			attributes = {
				LastUpgradeCheck = 0810;
				ORGANIZATIONNAME = "ImL1s-MacPro";
				TargetAttributes = {
					94DE797D1DCB292F0046F475 = {
						CreatedOnToolsVersion = 8.1;
						ProvisioningStyle = Automatic;
					};
				};
			};
			buildConfigurationList = 94DE79791DCB292F0046F475 /* Build configuration list for PBXProject "07.SyncDownloadImage" */;
			compatibilityVersion = "Xcode 3.2";
			developmentRegion = English;
			hasScannedForEncodings = 0;
			knownRegions = (
				en,
				Base,
			);
			mainGroup = 94DE79751DCB292F0046F475;
			productRefGroup = 94DE797F1DCB292F0046F475 /* Products */;
			projectDirPath = "";
			projectRoot = "";
			targets = (
				94DE797D1DCB292F0046F475 /* 07.SyncDownloadImage */,
			);
		};
/* End PBXProject section */

/* Begin PBXResourcesBuildPhase section */
		94DE797C1DCB292F0046F475 /* Resources */ = {
			isa = PBXResourcesBuildPhase;
			buildActionMask = 2147483647;
			files = (
				94DE799C1DCB2E830046F475 /* apps.plist in Resources */,
				94DE79911DCB292F0046F475 /* LaunchScreen.storyboard in Resources */,
				94DE798E1DCB292F0046F475 /* Assets.xcassets in Resources */,
				94DE798C1DCB292F0046F475 /* Main.storyboard in Resources */,
			);
			runOnlyForDeploymentPostprocessing = 0;
		};
/* End PBXResourcesBuildPhase section */

/* Begin PBXSourcesBuildPhase section */
		94DE797A1DCB292F0046F475 /* Sources */ = {
			isa = PBXSourcesBuildPhase;
			buildActionMask = 2147483647;
			files = (
				94DE799A1DCB2A930046F475 /* MyTableViewController.m in Sources */,
				94DE79861DCB292F0046F475 /* AppDelegate.m in Sources */,
				94DE79831DCB292F0046F475 /* main.m in Sources */,
				94DE799F1DCB2F920046F475 /* AppBean.m in Sources */,
			);
			runOnlyForDeploymentPostprocessing = 0;
		};
/* End PBXSourcesBuildPhase section */

/* Begin PBXVariantGroup section */
		94DE798A1DCB292F0046F475 /* Main.storyboard */ = {
			isa = PBXVariantGroup;
			children = (
				94DE798B1DCB292F0046F475 /* Base */,
			);
			name = Main.storyboard;
			sourceTree = "<group>";
		};
		94DE798F1DCB292F0046F475 /* LaunchScreen.storyboard */ = {
			isa = PBXVariantGroup;
			children = (
				94DE79901DCB292F0046F475 /* Base */,
			);
			name = LaunchScreen.storyboard;
			sourceTree = "<group>";
		};
/* End PBXVariantGroup section */

/* Begin XCBuildConfiguration section */
		94DE79931DCB292F0046F475 /* Debug */ = {
			isa = XCBuildConfiguration;
			buildSettings = {
				ALWAYS_SEARCH_USER_PATHS = NO;
				CLANG_ANALYZER_NONNULL = YES;
				CLANG_CXX_LANGUAGE_STANDARD = "gnu++0x";
				CLANG_CXX_LIBRARY = "libc++";
				CLANG_ENABLE_MODULES = YES;
				CLANG_ENABLE_OBJC_ARC = YES;
				CLANG_WARN_BOOL_CONVERSION = YES;
				CLANG_WARN_CONSTANT_CONVERSION = YES;
				CLANG_WARN_DIRECT_OBJC_ISA_USAGE = YES_ERROR;
				CLANG_WARN_DOCUMENTATION_COMMENTS = YES;
				CLANG_WARN_EMPTY_BODY = YES;
				CLANG_WARN_ENUM_CONVERSION = YES;
				CLANG_WARN_INFINITE_RECURSION = YES;
				CLANG_WARN_INT_CONVERSION = YES;
				CLANG_WARN_OBJC_ROOT_CLASS = YES_ERROR;
				CLANG_WARN_SUSPICIOUS_MOVES = YES;
				CLANG_WARN_UNREACHABLE_CODE = YES;
				CLANG_WARN__DUPLICATE_METHOD_MATCH = YES;
				"CODE_SIGN_IDENTITY[sdk=iphoneos*]" = "iPhone Developer";
				COPY_PHASE_STRIP = NO;
				DEBUG_INFORMATION_FORMAT = dwarf;
				ENABLE_STRICT_OBJC_MSGSEND = YES;
				ENABLE_TESTABILITY = YES;
				GCC_C_LANGUAGE_STANDARD = gnu99;
				GCC_DYNAMIC_NO_PIC = NO;
				GCC_NO_COMMON_BLOCKS = YES;
				GCC_OPTIMIZATION_LEVEL = 0;
				GCC_PREPROCESSOR_DEFINITIONS = (
					"DEBUG=1",
					"$(inherited)",
				);
				GCC_WARN_64_TO_32_BIT_CONVERSION = YES;
				GCC_WARN_ABOUT_RETURN_TYPE = YES_ERROR;
				GCC_WARN_UNDECLARED_SELECTOR = YES;
				GCC_WARN_UNINITIALIZED_AUTOS = YES_AGGRESSIVE;
				GCC_WARN_UNUSED_FUNCTION = YES;
				GCC_WARN_UNUSED_VARIABLE = YES;
				IPHONEOS_DEPLOYMENT_TARGET = 10.1;
				MTL_ENABLE_DEBUG_INFO = YES;
				ONLY_ACTIVE_ARCH = YES;
				SDKROOT = iphoneos;
				TARGETED_DEVICE_FAMILY = "1,2";
			};
			name = Debug;
		};
		94DE79941DCB292F0046F475 /* Release */ = {
			isa = XCBuildConfiguration;
			buildSettings = {
				ALWAYS_SEARCH_USER_PATHS = NO;
				CLANG_ANALYZER_NONNULL = YES;
				CLANG_CXX_LANGUAGE_STANDARD = "gnu++0x";
				CLANG_CXX_LIBRARY = "libc++";
				CLANG_ENABLE_MODULES = YES;
				CLANG_ENABLE_OBJC_ARC = YES;
				CLANG_WARN_BOOL_CONVERSION = YES;
				CLANG_WARN_CONSTANT_CONVERSION = YES;
				CLANG_WARN_DIRECT_OBJC_ISA_USAGE = YES_ERROR;
				CLANG_WARN_DOCUMENTATION_COMMENTS = YES;
				CLANG_WARN_EMPTY_BODY = YES;
				CLANG_WARN_ENUM_CONVERSION = YES;
				CLANG_WARN_INFINITE_RECURSION = YES;
				CLANG_WARN_INT_CONVERSION = YES;
				CLANG_WARN_OBJC_ROOT_CLASS = YES_ERROR;
				CLANG_WARN_SUSPICIOUS_MOVES = YES;
				CLANG_WARN_UNREACHABLE_CODE = YES;
				CLANG_WARN__DUPLICATE_METHOD_MATCH = YES;
				"CODE_SIGN_IDENTITY[sdk=iphoneos*]" = "iPhone Developer";
				COPY_PHASE_STRIP = NO;
				DEBUG_INFORMATION_FORMAT = "dwarf-with-dsym";
				ENABLE_NS_ASSERTIONS = NO;
				ENABLE_STRICT_OBJC_MSGSEND = YES;
				GCC_C_LANGUAGE_STANDARD = gnu99;
				GCC_NO_COMMON_BLOCKS = YES;
				GCC_WARN_64_TO_32_BIT_CONVERSION = YES;
				GCC_WARN_ABOUT_RETURN_TYPE = YES_ERROR;
				GCC_WARN_UNDECLARED_SELECTOR = YES;
				GCC_WARN_UNINITIALIZED_AUTOS = YES_AGGRESSIVE;
				GCC_WARN_UNUSED_FUNCTION = YES;
				GCC_WARN_UNUSED_VARIABLE = YES;
				IPHONEOS_DEPLOYMENT_TARGET = 10.1;
				MTL_ENABLE_DEBUG_INFO = NO;
				SDKROOT = iphoneos;
				TARGETED_DEVICE_FAMILY = "1,2";
				VALIDATE_PRODUCT = YES;
			};
			name = Release;
		};
		94DE79961DCB292F0046F475 /* Debug */ = {
			isa = XCBuildConfiguration;
			buildSettings = {
				ASSETCATALOG_COMPILER_APPICON_NAME = AppIcon;
				INFOPLIST_FILE = 07.SyncDownloadImage/Info.plist;
				LD_RUNPATH_SEARCH_PATHS = "$(inherited) @executable_path/Frameworks";
				PRODUCT_BUNDLE_IDENTIFIER = "HomeWatch.-7-SyncDownloadImage";
				PRODUCT_NAME = "$(TARGET_NAME)";
			};
			name = Debug;
		};
		94DE79971DCB292F0046F475 /* Release */ = {
			isa = XCBuildConfiguration;
			buildSettings = {
				ASSETCATALOG_COMPILER_APPICON_NAME = AppIcon;
				INFOPLIST_FILE = 07.SyncDownloadImage/Info.plist;
				LD_RUNPATH_SEARCH_PATHS = "$(inherited) @executable_path/Frameworks";
				PRODUCT_BUNDLE_IDENTIFIER = "HomeWatch.-7-SyncDownloadImage";
				PRODUCT_NAME = "$(TARGET_NAME)";
			};
			name = Release;
		};
/* End XCBuildConfiguration section */

/* Begin XCConfigurationList section */
		94DE79791DCB292F0046F475 /* Build configuration list for PBXProject "07.SyncDownloadImage" */ = {
			isa = XCConfigurationList;
			buildConfigurations = (
				94DE79931DCB292F0046F475 /* Debug */,
				94DE79941DCB292F0046F475 /* Release */,
			);
			defaultConfigurationIsVisible = 0;
			defaultConfigurationName = Release;
		};
		94DE79951DCB292F0046F475 /* Build configuration list for PBXNativeTarget "07.SyncDownloadImage" */ = {
			isa = XCConfigurationList;
			buildConfigurations = (
				94DE79961DCB292F0046F475 /* Debug */,
				94DE79971DCB292F0046F475 /* Release */,
			);
			defaultConfigurationIsVisible = 0;
		};
/* End XCConfigurationList section */
	};
	rootObject = 94DE79761DCB292F0046F475 /* Project object */;
}
