// !$*UTF8*$!
{
	archiveVersion = 1;
	classes = {
	};
	objectVersion = 46;
	objects = {

/* Begin PBXBuildFile section */
		948B1E811DBDECF60019E9A0 /* main.m in Sources */ = {isa = PBXBuildFile; fileRef = 948B1E801DBDECF60019E9A0 /* main.m */; };
		948B1E841DBDECF60019E9A0 /* AppDelegate.m in Sources */ = {isa = PBXBuildFile; fileRef = 948B1E831DBDECF60019E9A0 /* AppDelegate.m */; };
		948B1E871DBDECF60019E9A0 /* ViewController.m in Sources */ = {isa = PBXBuildFile; fileRef = 948B1E861DBDECF60019E9A0 /* ViewController.m */; };
		948B1E8A1DBDECF60019E9A0 /* Main.storyboard in Resources */ = {isa = PBXBuildFile; fileRef = 948B1E881DBDECF60019E9A0 /* Main.storyboard */; };
		948B1E8C1DBDECF60019E9A0 /* Assets.xcassets in Resources */ = {isa = PBXBuildFile; fileRef = 948B1E8B1DBDECF60019E9A0 /* Assets.xcassets */; };
		948B1E8F1DBDECF60019E9A0 /* LaunchScreen.storyboard in Resources */ = {isa = PBXBuildFile; fileRef = 948B1E8D1DBDECF60019E9A0 /* LaunchScreen.storyboard */; };
/* End PBXBuildFile section */

/* Begin PBXFileReference section */
		948B1E7C1DBDECF60019E9A0 /* 05.NSThread.app */ = {isa = PBXFileReference; explicitFileType = wrapper.application; includeInIndex = 0; path = 05.NSThread.app; sourceTree = BUILT_PRODUCTS_DIR; };
		948B1E801DBDECF60019E9A0 /* main.m */ = {isa = PBXFileReference; lastKnownFileType = sourcecode.c.objc; path = main.m; sourceTree = "<group>"; };
		948B1E821DBDECF60019E9A0 /* AppDelegate.h */ = {isa = PBXFileReference; lastKnownFileType = sourcecode.c.h; path = AppDelegate.h; sourceTree = "<group>"; };
		948B1E831DBDECF60019E9A0 /* AppDelegate.m */ = {isa = PBXFileReference; lastKnownFileType = sourcecode.c.objc; path = AppDelegate.m; sourceTree = "<group>"; };
		948B1E851DBDECF60019E9A0 /* ViewController.h */ = {isa = PBXFileReference; lastKnownFileType = sourcecode.c.h; path = ViewController.h; sourceTree = "<group>"; };
		948B1E861DBDECF60019E9A0 /* ViewController.m */ = {isa = PBXFileReference; lastKnownFileType = sourcecode.c.objc; path = ViewController.m; sourceTree = "<group>"; };
		948B1E891DBDECF60019E9A0 /* Base */ = {isa = PBXFileReference; lastKnownFileType = file.storyboard; name = Base; path = Base.lproj/Main.storyboard; sourceTree = "<group>"; };
		948B1E8B1DBDECF60019E9A0 /* Assets.xcassets */ = {isa = PBXFileReference; lastKnownFileType = folder.assetcatalog; path = Assets.xcassets; sourceTree = "<group>"; };
		948B1E8E1DBDECF60019E9A0 /* Base */ = {isa = PBXFileReference; lastKnownFileType = file.storyboard; name = Base; path = Base.lproj/LaunchScreen.storyboard; sourceTree = "<group>"; };
		948B1E901DBDECF60019E9A0 /* Info.plist */ = {isa = PBXFileReference; lastKnownFileType = text.plist.xml; path = Info.plist; sourceTree = "<group>"; };
/* End PBXFileReference section */

/* Begin PBXFrameworksBuildPhase section */
		948B1E791DBDECF60019E9A0 /* Frameworks */ = {
			isa = PBXFrameworksBuildPhase;
			buildActionMask = 2147483647;
			files = (
			);
			runOnlyForDeploymentPostprocessing = 0;
		};
/* End PBXFrameworksBuildPhase section */

/* Begin PBXGroup section */
		948B1E731DBDECF60019E9A0 = {
			isa = PBXGroup;
			children = (
				948B1E7E1DBDECF60019E9A0 /* 05.NSThread */,
				948B1E7D1DBDECF60019E9A0 /* Products */,
			);
			sourceTree = "<group>";
		};
		948B1E7D1DBDECF60019E9A0 /* Products */ = {
			isa = PBXGroup;
			children = (
				948B1E7C1DBDECF60019E9A0 /* 05.NSThread.app */,
			);
			name = Products;
			sourceTree = "<group>";
		};
		948B1E7E1DBDECF60019E9A0 /* 05.NSThread */ = {
			isa = PBXGroup;
			children = (
				948B1E821DBDECF60019E9A0 /* AppDelegate.h */,
				948B1E831DBDECF60019E9A0 /* AppDelegate.m */,
				948B1E851DBDECF60019E9A0 /* ViewController.h */,
				948B1E861DBDECF60019E9A0 /* ViewController.m */,
				948B1E881DBDECF60019E9A0 /* Main.storyboard */,
				948B1E8B1DBDECF60019E9A0 /* Assets.xcassets */,
				948B1E8D1DBDECF60019E9A0 /* LaunchScreen.storyboard */,
				948B1E901DBDECF60019E9A0 /* Info.plist */,
				948B1E7F1DBDECF60019E9A0 /* Supporting Files */,
			);
			path = 05.NSThread;
			sourceTree = "<group>";
		};
		948B1E7F1DBDECF60019E9A0 /* Supporting Files */ = {
			isa = PBXGroup;
			children = (
				948B1E801DBDECF60019E9A0 /* main.m */,
			);
			name = "Supporting Files";
			sourceTree = "<group>";
		};
/* End PBXGroup section */

/* Begin PBXNativeTarget section */
		948B1E7B1DBDECF60019E9A0 /* 05.NSThread */ = {
			isa = PBXNativeTarget;
			buildConfigurationList = 948B1E931DBDECF60019E9A0 /* Build configuration list for PBXNativeTarget "05.NSThread" */;
			buildPhases = (
				948B1E781DBDECF60019E9A0 /* Sources */,
				948B1E791DBDECF60019E9A0 /* Frameworks */,
				948B1E7A1DBDECF60019E9A0 /* Resources */,
			);
			buildRules = (
			);
			dependencies = (
			);
			name = 05.NSThread;
			productName = 05.NSThread;
			productReference = 948B1E7C1DBDECF60019E9A0 /* 05.NSThread.app */;
			productType = "com.apple.product-type.application";
		};
/* End PBXNativeTarget section */

/* Begin PBXProject section */
		948B1E741DBDECF60019E9A0 /* Project object */ = {
			isa = PBXProject;
			attributes = {
				LastUpgradeCheck = 0800;
				ORGANIZATIONNAME = "ImL1s-MacPro";
				TargetAttributes = {
					948B1E7B1DBDECF60019E9A0 = {
						CreatedOnToolsVersion = 8.0;
						ProvisioningStyle = Automatic;
					};
				};
			};
			buildConfigurationList = 948B1E771DBDECF60019E9A0 /* Build configuration list for PBXProject "05.NSThread" */;
			compatibilityVersion = "Xcode 3.2";
			developmentRegion = English;
			hasScannedForEncodings = 0;
			knownRegions = (
				en,
				Base,
			);
			mainGroup = 948B1E731DBDECF60019E9A0;
			productRefGroup = 948B1E7D1DBDECF60019E9A0 /* Products */;
			projectDirPath = "";
			projectRoot = "";
			targets = (
				948B1E7B1DBDECF60019E9A0 /* 05.NSThread */,
			);
		};
/* End PBXProject section */

/* Begin PBXResourcesBuildPhase section */
		948B1E7A1DBDECF60019E9A0 /* Resources */ = {
			isa = PBXResourcesBuildPhase;
			buildActionMask = 2147483647;
			files = (
				948B1E8F1DBDECF60019E9A0 /* LaunchScreen.storyboard in Resources */,
				948B1E8C1DBDECF60019E9A0 /* Assets.xcassets in Resources */,
				948B1E8A1DBDECF60019E9A0 /* Main.storyboard in Resources */,
			);
			runOnlyForDeploymentPostprocessing = 0;
		};
/* End PBXResourcesBuildPhase section */

/* Begin PBXSourcesBuildPhase section */
		948B1E781DBDECF60019E9A0 /* Sources */ = {
			isa = PBXSourcesBuildPhase;
			buildActionMask = 2147483647;
			files = (
				948B1E871DBDECF60019E9A0 /* ViewController.m in Sources */,
				948B1E841DBDECF60019E9A0 /* AppDelegate.m in Sources */,
				948B1E811DBDECF60019E9A0 /* main.m in Sources */,
			);
			runOnlyForDeploymentPostprocessing = 0;
		};
/* End PBXSourcesBuildPhase section */

/* Begin PBXVariantGroup section */
		948B1E881DBDECF60019E9A0 /* Main.storyboard */ = {
			isa = PBXVariantGroup;
			children = (
				948B1E891DBDECF60019E9A0 /* Base */,
			);
			name = Main.storyboard;
			sourceTree = "<group>";
		};
		948B1E8D1DBDECF60019E9A0 /* LaunchScreen.storyboard */ = {
			isa = PBXVariantGroup;
			children = (
				948B1E8E1DBDECF60019E9A0 /* Base */,
			);
			name = LaunchScreen.storyboard;
			sourceTree = "<group>";
		};
/* End PBXVariantGroup section */

/* Begin XCBuildConfiguration section */
		948B1E911DBDECF60019E9A0 /* Debug */ = {
			isa = XCBuildConfiguration;
			buildSettings = {
				ALWAYS_SEARCH_USER_PATHS = NO;
				CLANG_ANALYZER_NONNULL = YES;
				CLANG_CXX_LANGUAGE_STANDARD = "gnu++0x";
				CLANG_CXX_LIBRARY = "libc++";
				CLANG_ENABLE_MODULES = YES;
				CLANG_ENABLE_OBJC_ARC = YES;
				CLANG_WARN_BOOL_CONVERSION = YES;
				CLANG_WARN_CONSTANT_CONVERSION = YES;
				CLANG_WARN_DIRECT_OBJC_ISA_USAGE = YES_ERROR;
				CLANG_WARN_DOCUMENTATION_COMMENTS = YES;
				CLANG_WARN_EMPTY_BODY = YES;
				CLANG_WARN_ENUM_CONVERSION = YES;
				CLANG_WARN_INFINITE_RECURSION = YES;
				CLANG_WARN_INT_CONVERSION = YES;
				CLANG_WARN_OBJC_ROOT_CLASS = YES_ERROR;
				CLANG_WARN_SUSPICIOUS_MOVES = YES;
				CLANG_WARN_UNREACHABLE_CODE = YES;
				CLANG_WARN__DUPLICATE_METHOD_MATCH = YES;
				"CODE_SIGN_IDENTITY[sdk=iphoneos*]" = "iPhone Developer";
				COPY_PHASE_STRIP = NO;
				DEBUG_INFORMATION_FORMAT = dwarf;
				ENABLE_STRICT_OBJC_MSGSEND = YES;
				ENABLE_TESTABILITY = YES;
				GCC_C_LANGUAGE_STANDARD = gnu99;
				GCC_DYNAMIC_NO_PIC = NO;
				GCC_NO_COMMON_BLOCKS = YES;
				GCC_OPTIMIZATION_LEVEL = 0;
				GCC_PREPROCESSOR_DEFINITIONS = (
					"DEBUG=1",
					"$(inherited)",
				);
				GCC_WARN_64_TO_32_BIT_CONVERSION = YES;
				GCC_WARN_ABOUT_RETURN_TYPE = YES_ERROR;
				GCC_WARN_UNDECLARED_SELECTOR = YES;
				GCC_WARN_UNINITIALIZED_AUTOS = YES_AGGRESSIVE;
				GCC_WARN_UNUSED_FUNCTION = YES;
				GCC_WARN_UNUSED_VARIABLE = YES;
				IPHONEOS_DEPLOYMENT_TARGET = 10.0;
				MTL_ENABLE_DEBUG_INFO = YES;
				ONLY_ACTIVE_ARCH = YES;
				SDKROOT = iphoneos;
				TARGETED_DEVICE_FAMILY = "1,2";
			};
			name = Debug;
		};
		948B1E921DBDECF60019E9A0 /* Release */ = {
			isa = XCBuildConfiguration;
			buildSettings = {
				ALWAYS_SEARCH_USER_PATHS = NO;
				CLANG_ANALYZER_NONNULL = YES;
				CLANG_CXX_LANGUAGE_STANDARD = "gnu++0x";
				CLANG_CXX_LIBRARY = "libc++";
				CLANG_ENABLE_MODULES = YES;
				CLANG_ENABLE_OBJC_ARC = YES;
				CLANG_WARN_BOOL_CONVERSION = YES;
				CLANG_WARN_CONSTANT_CONVERSION = YES;
				CLANG_WARN_DIRECT_OBJC_ISA_USAGE = YES_ERROR;
				CLANG_WARN_DOCUMENTATION_COMMENTS = YES;
				CLANG_WARN_EMPTY_BODY = YES;
				CLANG_WARN_ENUM_CONVERSION = YES;
				CLANG_WARN_INFINITE_RECURSION = YES;
				CLANG_WARN_INT_CONVERSION = YES;
				CLANG_WARN_OBJC_ROOT_CLASS = YES_ERROR;
				CLANG_WARN_SUSPICIOUS_MOVES = YES;
				CLANG_WARN_UNREACHABLE_CODE = YES;
				CLANG_WARN__DUPLICATE_METHOD_MATCH = YES;
				"CODE_SIGN_IDENTITY[sdk=iphoneos*]" = "iPhone Developer";
				COPY_PHASE_STRIP = NO;
				DEBUG_INFORMATION_FORMAT = "dwarf-with-dsym";
				ENABLE_NS_ASSERTIONS = NO;
				ENABLE_STRICT_OBJC_MSGSEND = YES;
				GCC_C_LANGUAGE_STANDARD = gnu99;
				GCC_NO_COMMON_BLOCKS = YES;
				GCC_WARN_64_TO_32_BIT_CONVERSION = YES;
				GCC_WARN_ABOUT_RETURN_TYPE = YES_ERROR;
				GCC_WARN_UNDECLARED_SELECTOR = YES;
				GCC_WARN_UNINITIALIZED_AUTOS = YES_AGGRESSIVE;
				GCC_WARN_UNUSED_FUNCTION = YES;
				GCC_WARN_UNUSED_VARIABLE = YES;
				IPHONEOS_DEPLOYMENT_TARGET = 10.0;
				MTL_ENABLE_DEBUG_INFO = NO;
				SDKROOT = iphoneos;
				TARGETED_DEVICE_FAMILY = "1,2";
				VALIDATE_PRODUCT = YES;
			};
			name = Release;
		};
		948B1E941DBDECF60019E9A0 /* Debug */ = {
			isa = XCBuildConfiguration;
			buildSettings = {
				ASSETCATALOG_COMPILER_APPICON_NAME = AppIcon;
				INFOPLIST_FILE = 05.NSThread/Info.plist;
				LD_RUNPATH_SEARCH_PATHS = "$(inherited) @executable_path/Frameworks";
				PRODUCT_BUNDLE_IDENTIFIER = "HomeWatch.-5-NSThread";
				PRODUCT_NAME = "$(TARGET_NAME)";
			};
			name = Debug;
		};
		948B1E951DBDECF60019E9A0 /* Release */ = {
			isa = XCBuildConfiguration;
			buildSettings = {
				ASSETCATALOG_COMPILER_APPICON_NAME = AppIcon;
				INFOPLIST_FILE = 05.NSThread/Info.plist;
				LD_RUNPATH_SEARCH_PATHS = "$(inherited) @executable_path/Frameworks";
				PRODUCT_BUNDLE_IDENTIFIER = "HomeWatch.-5-NSThread";
				PRODUCT_NAME = "$(TARGET_NAME)";
			};
			name = Release;
		};
/* End XCBuildConfiguration section */

/* Begin XCConfigurationList section */
		948B1E771DBDECF60019E9A0 /* Build configuration list for PBXProject "05.NSThread" */ = {
			isa = XCConfigurationList;
			buildConfigurations = (
				948B1E911DBDECF60019E9A0 /* Debug */,
				948B1E921DBDECF60019E9A0 /* Release */,
			);
			defaultConfigurationIsVisible = 0;
			defaultConfigurationName = Release;
		};
		948B1E931DBDECF60019E9A0 /* Build configuration list for PBXNativeTarget "05.NSThread" */ = {
			isa = XCConfigurationList;
			buildConfigurations = (
				948B1E941DBDECF60019E9A0 /* Debug */,
				948B1E951DBDECF60019E9A0 /* Release */,
			);
			defaultConfigurationIsVisible = 0;
		};
/* End XCConfigurationList section */
	};
	rootObject = 948B1E741DBDECF60019E9A0 /* Project object */;
}
