// !$*UTF8*$!
{
	archiveVersion = 1;
	classes = {
	};
	objectVersion = 46;
	objects = {

/* Begin PBXBuildFile section */
		949694E21DD2CFCE008DECBC /* main.m in Sources */ = {isa = PBXBuildFile; fileRef = 949694E11DD2CFCE008DECBC /* main.m */; };
		949694E51DD2CFCE008DECBC /* AppDelegate.m in Sources */ = {isa = PBXBuildFile; fileRef = 949694E41DD2CFCE008DECBC /* AppDelegate.m */; };
		949694E81DD2CFCE008DECBC /* ViewController.m in Sources */ = {isa = PBXBuildFile; fileRef = 949694E71DD2CFCE008DECBC /* ViewController.m */; };
		949694EB1DD2CFCE008DECBC /* Main.storyboard in Resources */ = {isa = PBXBuildFile; fileRef = 949694E91DD2CFCE008DECBC /* Main.storyboard */; };
		949694ED1DD2CFCE008DECBC /* Assets.xcassets in Resources */ = {isa = PBXBuildFile; fileRef = 949694EC1DD2CFCE008DECBC /* Assets.xcassets */; };
		949694F01DD2CFCE008DECBC /* LaunchScreen.storyboard in Resources */ = {isa = PBXBuildFile; fileRef = 949694EE1DD2CFCE008DECBC /* LaunchScreen.storyboard */; };
/* End PBXBuildFile section */

/* Begin PBXFileReference section */
		949694DD1DD2CFCE008DECBC /* 02.SandBox.app */ = {isa = PBXFileReference; explicitFileType = wrapper.application; includeInIndex = 0; path = 02.SandBox.app; sourceTree = BUILT_PRODUCTS_DIR; };
		949694E11DD2CFCE008DECBC /* main.m */ = {isa = PBXFileReference; lastKnownFileType = sourcecode.c.objc; path = main.m; sourceTree = "<group>"; };
		949694E31DD2CFCE008DECBC /* AppDelegate.h */ = {isa = PBXFileReference; lastKnownFileType = sourcecode.c.h; path = AppDelegate.h; sourceTree = "<group>"; };
		949694E41DD2CFCE008DECBC /* AppDelegate.m */ = {isa = PBXFileReference; lastKnownFileType = sourcecode.c.objc; path = AppDelegate.m; sourceTree = "<group>"; };
		949694E61DD2CFCE008DECBC /* ViewController.h */ = {isa = PBXFileReference; lastKnownFileType = sourcecode.c.h; path = ViewController.h; sourceTree = "<group>"; };
		949694E71DD2CFCE008DECBC /* ViewController.m */ = {isa = PBXFileReference; lastKnownFileType = sourcecode.c.objc; path = ViewController.m; sourceTree = "<group>"; };
		949694EA1DD2CFCE008DECBC /* Base */ = {isa = PBXFileReference; lastKnownFileType = file.storyboard; name = Base; path = Base.lproj/Main.storyboard; sourceTree = "<group>"; };
		949694EC1DD2CFCE008DECBC /* Assets.xcassets */ = {isa = PBXFileReference; lastKnownFileType = folder.assetcatalog; path = Assets.xcassets; sourceTree = "<group>"; };
		949694EF1DD2CFCE008DECBC /* Base */ = {isa = PBXFileReference; lastKnownFileType = file.storyboard; name = Base; path = Base.lproj/LaunchScreen.storyboard; sourceTree = "<group>"; };
		949694F11DD2CFCE008DECBC /* Info.plist */ = {isa = PBXFileReference; lastKnownFileType = text.plist.xml; path = Info.plist; sourceTree = "<group>"; };
/* End PBXFileReference section */

/* Begin PBXFrameworksBuildPhase section */
		949694DA1DD2CFCE008DECBC /* Frameworks */ = {
			isa = PBXFrameworksBuildPhase;
			buildActionMask = 2147483647;
			files = (
			);
			runOnlyForDeploymentPostprocessing = 0;
		};
/* End PBXFrameworksBuildPhase section */

/* Begin PBXGroup section */
		949694D41DD2CFCE008DECBC = {
			isa = PBXGroup;
			children = (
				949694DF1DD2CFCE008DECBC /* 02.SandBox */,
				949694DE1DD2CFCE008DECBC /* Products */,
			);
			sourceTree = "<group>";
		};
		949694DE1DD2CFCE008DECBC /* Products */ = {
			isa = PBXGroup;
			children = (
				949694DD1DD2CFCE008DECBC /* 02.SandBox.app */,
			);
			name = Products;
			sourceTree = "<group>";
		};
		949694DF1DD2CFCE008DECBC /* 02.SandBox */ = {
			isa = PBXGroup;
			children = (
				949694E31DD2CFCE008DECBC /* AppDelegate.h */,
				949694E41DD2CFCE008DECBC /* AppDelegate.m */,
				949694E61DD2CFCE008DECBC /* ViewController.h */,
				949694E71DD2CFCE008DECBC /* ViewController.m */,
				949694E91DD2CFCE008DECBC /* Main.storyboard */,
				949694EC1DD2CFCE008DECBC /* Assets.xcassets */,
				949694EE1DD2CFCE008DECBC /* LaunchScreen.storyboard */,
				949694F11DD2CFCE008DECBC /* Info.plist */,
				949694E01DD2CFCE008DECBC /* Supporting Files */,
			);
			path = 02.SandBox;
			sourceTree = "<group>";
		};
		949694E01DD2CFCE008DECBC /* Supporting Files */ = {
			isa = PBXGroup;
			children = (
				949694E11DD2CFCE008DECBC /* main.m */,
			);
			name = "Supporting Files";
			sourceTree = "<group>";
		};
/* End PBXGroup section */

/* Begin PBXNativeTarget section */
		949694DC1DD2CFCE008DECBC /* 02.SandBox */ = {
			isa = PBXNativeTarget;
			buildConfigurationList = 949694F41DD2CFCE008DECBC /* Build configuration list for PBXNativeTarget "02.SandBox" */;
			buildPhases = (
				949694D91DD2CFCE008DECBC /* Sources */,
				949694DA1DD2CFCE008DECBC /* Frameworks */,
				949694DB1DD2CFCE008DECBC /* Resources */,
			);
			buildRules = (
			);
			dependencies = (
			);
			name = 02.SandBox;
			productName = 02.SandBox;
			productReference = 949694DD1DD2CFCE008DECBC /* 02.SandBox.app */;
			productType = "com.apple.product-type.application";
		};
/* End PBXNativeTarget section */

/* Begin PBXProject section */
		949694D51DD2CFCE008DECBC /* Project object */ = {
			isa = PBXProject;
			attributes = {
				LastUpgradeCheck = 0810;
				ORGANIZATIONNAME = "ImL1s-MacPro";
				TargetAttributes = {
					949694DC1DD2CFCE008DECBC = {
						CreatedOnToolsVersion = 8.1;
						ProvisioningStyle = Automatic;
					};
				};
			};
			buildConfigurationList = 949694D81DD2CFCE008DECBC /* Build configuration list for PBXProject "02.SandBox" */;
			compatibilityVersion = "Xcode 3.2";
			developmentRegion = English;
			hasScannedForEncodings = 0;
			knownRegions = (
				en,
				Base,
			);
			mainGroup = 949694D41DD2CFCE008DECBC;
			productRefGroup = 949694DE1DD2CFCE008DECBC /* Products */;
			projectDirPath = "";
			projectRoot = "";
			targets = (
				949694DC1DD2CFCE008DECBC /* 02.SandBox */,
			);
		};
/* End PBXProject section */

/* Begin PBXResourcesBuildPhase section */
		949694DB1DD2CFCE008DECBC /* Resources */ = {
			isa = PBXResourcesBuildPhase;
			buildActionMask = 2147483647;
			files = (
				949694F01DD2CFCE008DECBC /* LaunchScreen.storyboard in Resources */,
				949694ED1DD2CFCE008DECBC /* Assets.xcassets in Resources */,
				949694EB1DD2CFCE008DECBC /* Main.storyboard in Resources */,
			);
			runOnlyForDeploymentPostprocessing = 0;
		};
/* End PBXResourcesBuildPhase section */

/* Begin PBXSourcesBuildPhase section */
		949694D91DD2CFCE008DECBC /* Sources */ = {
			isa = PBXSourcesBuildPhase;
			buildActionMask = 2147483647;
			files = (
				949694E81DD2CFCE008DECBC /* ViewController.m in Sources */,
				949694E51DD2CFCE008DECBC /* AppDelegate.m in Sources */,
				949694E21DD2CFCE008DECBC /* main.m in Sources */,
			);
			runOnlyForDeploymentPostprocessing = 0;
		};
/* End PBXSourcesBuildPhase section */

/* Begin PBXVariantGroup section */
		949694E91DD2CFCE008DECBC /* Main.storyboard */ = {
			isa = PBXVariantGroup;
			children = (
				949694EA1DD2CFCE008DECBC /* Base */,
			);
			name = Main.storyboard;
			sourceTree = "<group>";
		};
		949694EE1DD2CFCE008DECBC /* LaunchScreen.storyboard */ = {
			isa = PBXVariantGroup;
			children = (
				949694EF1DD2CFCE008DECBC /* Base */,
			);
			name = LaunchScreen.storyboard;
			sourceTree = "<group>";
		};
/* End PBXVariantGroup section */

/* Begin XCBuildConfiguration section */
		949694F21DD2CFCE008DECBC /* Debug */ = {
			isa = XCBuildConfiguration;
			buildSettings = {
				ALWAYS_SEARCH_USER_PATHS = NO;
				CLANG_ANALYZER_NONNULL = YES;
				CLANG_CXX_LANGUAGE_STANDARD = "gnu++0x";
				CLANG_CXX_LIBRARY = "libc++";
				CLANG_ENABLE_MODULES = YES;
				CLANG_ENABLE_OBJC_ARC = YES;
				CLANG_WARN_BOOL_CONVERSION = YES;
				CLANG_WARN_CONSTANT_CONVERSION = YES;
				CLANG_WARN_DIRECT_OBJC_ISA_USAGE = YES_ERROR;
				CLANG_WARN_DOCUMENTATION_COMMENTS = YES;
				CLANG_WARN_EMPTY_BODY = YES;
				CLANG_WARN_ENUM_CONVERSION = YES;
				CLANG_WARN_INFINITE_RECURSION = YES;
				CLANG_WARN_INT_CONVERSION = YES;
				CLANG_WARN_OBJC_ROOT_CLASS = YES_ERROR;
				CLANG_WARN_SUSPICIOUS_MOVES = YES;
				CLANG_WARN_UNREACHABLE_CODE = YES;
				CLANG_WARN__DUPLICATE_METHOD_MATCH = YES;
				"CODE_SIGN_IDENTITY[sdk=iphoneos*]" = "iPhone Developer";
				COPY_PHASE_STRIP = NO;
				DEBUG_INFORMATION_FORMAT = dwarf;
				ENABLE_STRICT_OBJC_MSGSEND = YES;
				ENABLE_TESTABILITY = YES;
				GCC_C_LANGUAGE_STANDARD = gnu99;
				GCC_DYNAMIC_NO_PIC = NO;
				GCC_NO_COMMON_BLOCKS = YES;
				GCC_OPTIMIZATION_LEVEL = 0;
				GCC_PREPROCESSOR_DEFINITIONS = (
					"DEBUG=1",
					"$(inherited)",
				);
				GCC_WARN_64_TO_32_BIT_CONVERSION = YES;
				GCC_WARN_ABOUT_RETURN_TYPE = YES_ERROR;
				GCC_WARN_UNDECLARED_SELECTOR = YES;
				GCC_WARN_UNINITIALIZED_AUTOS = YES_AGGRESSIVE;
				GCC_WARN_UNUSED_FUNCTION = YES;
				GCC_WARN_UNUSED_VARIABLE = YES;
				IPHONEOS_DEPLOYMENT_TARGET = 10.1;
				MTL_ENABLE_DEBUG_INFO = YES;
				ONLY_ACTIVE_ARCH = YES;
				SDKROOT = iphoneos;
				TARGETED_DEVICE_FAMILY = "1,2";
			};
			name = Debug;
		};
		949694F31DD2CFCE008DECBC /* Release */ = {
			isa = XCBuildConfiguration;
			buildSettings = {
				ALWAYS_SEARCH_USER_PATHS = NO;
				CLANG_ANALYZER_NONNULL = YES;
				CLANG_CXX_LANGUAGE_STANDARD = "gnu++0x";
				CLANG_CXX_LIBRARY = "libc++";
				CLANG_ENABLE_MODULES = YES;
				CLANG_ENABLE_OBJC_ARC = YES;
				CLANG_WARN_BOOL_CONVERSION = YES;
				CLANG_WARN_CONSTANT_CONVERSION = YES;
				CLANG_WARN_DIRECT_OBJC_ISA_USAGE = YES_ERROR;
				CLANG_WARN_DOCUMENTATION_COMMENTS = YES;
				CLANG_WARN_EMPTY_BODY = YES;
				CLANG_WARN_ENUM_CONVERSION = YES;
				CLANG_WARN_INFINITE_RECURSION = YES;
				CLANG_WARN_INT_CONVERSION = YES;
				CLANG_WARN_OBJC_ROOT_CLASS = YES_ERROR;
				CLANG_WARN_SUSPICIOUS_MOVES = YES;
				CLANG_WARN_UNREACHABLE_CODE = YES;
				CLANG_WARN__DUPLICATE_METHOD_MATCH = YES;
				"CODE_SIGN_IDENTITY[sdk=iphoneos*]" = "iPhone Developer";
				COPY_PHASE_STRIP = NO;
				DEBUG_INFORMATION_FORMAT = "dwarf-with-dsym";
				ENABLE_NS_ASSERTIONS = NO;
				ENABLE_STRICT_OBJC_MSGSEND = YES;
				GCC_C_LANGUAGE_STANDARD = gnu99;
				GCC_NO_COMMON_BLOCKS = YES;
				GCC_WARN_64_TO_32_BIT_CONVERSION = YES;
				GCC_WARN_ABOUT_RETURN_TYPE = YES_ERROR;
				GCC_WARN_UNDECLARED_SELECTOR = YES;
				GCC_WARN_UNINITIALIZED_AUTOS = YES_AGGRESSIVE;
				GCC_WARN_UNUSED_FUNCTION = YES;
				GCC_WARN_UNUSED_VARIABLE = YES;
				IPHONEOS_DEPLOYMENT_TARGET = 10.1;
				MTL_ENABLE_DEBUG_INFO = NO;
				SDKROOT = iphoneos;
				TARGETED_DEVICE_FAMILY = "1,2";
				VALIDATE_PRODUCT = YES;
			};
			name = Release;
		};
		949694F51DD2CFCE008DECBC /* Debug */ = {
			isa = XCBuildConfiguration;
			buildSettings = {
				ASSETCATALOG_COMPILER_APPICON_NAME = AppIcon;
				INFOPLIST_FILE = 02.SandBox/Info.plist;
				LD_RUNPATH_SEARCH_PATHS = "$(inherited) @executable_path/Frameworks";
				PRODUCT_BUNDLE_IDENTIFIER = "HomeWatch.-2-SandBox";
				PRODUCT_NAME = "$(TARGET_NAME)";
			};
			name = Debug;
		};
		949694F61DD2CFCE008DECBC /* Release */ = {
			isa = XCBuildConfiguration;
			buildSettings = {
				ASSETCATALOG_COMPILER_APPICON_NAME = AppIcon;
				INFOPLIST_FILE = 02.SandBox/Info.plist;
				LD_RUNPATH_SEARCH_PATHS = "$(inherited) @executable_path/Frameworks";
				PRODUCT_BUNDLE_IDENTIFIER = "HomeWatch.-2-SandBox";
				PRODUCT_NAME = "$(TARGET_NAME)";
			};
			name = Release;
		};
/* End XCBuildConfiguration section */

/* Begin XCConfigurationList section */
		949694D81DD2CFCE008DECBC /* Build configuration list for PBXProject "02.SandBox" */ = {
			isa = XCConfigurationList;
			buildConfigurations = (
				949694F21DD2CFCE008DECBC /* Debug */,
				949694F31DD2CFCE008DECBC /* Release */,
			);
			defaultConfigurationIsVisible = 0;
			defaultConfigurationName = Release;
		};
		949694F41DD2CFCE008DECBC /* Build configuration list for PBXNativeTarget "02.SandBox" */ = {
			isa = XCConfigurationList;
			buildConfigurations = (
				949694F51DD2CFCE008DECBC /* Debug */,
				949694F61DD2CFCE008DECBC /* Release */,
			);
			defaultConfigurationIsVisible = 0;
		};
/* End XCConfigurationList section */
	};
	rootObject = 949694D51DD2CFCE008DECBC /* Project object */;
}
